
Microsoft Visual Studio Solution File, Format Version 12.00
# Visual Studio 15
VisualStudioVersion = 15.0.27703.2042
MinimumVisualStudioVersion = 10.0.40219.1
Project("{FAE04EC0-301F-11D3-BF4B-00C04F79EFBC}") = "library", "library\library.csproj", "{3B44730A-5F3E-4F89-B13F-466DAFB35EB5}"
EndProject
Global
	GlobalSection(SolutionConfigurationPlatforms) = preSolution
		Debug|Any CPU = Debug|Any CPU
		Release|Any CPU = Release|Any CPU
	EndGlobalSection
	GlobalSection(ProjectConfigurationPlatforms) = postSolution
		{3B44730A-5F3E-4F89-B13F-466DAFB35EB5}.Debug|Any CPU.ActiveCfg = Debug|Any CPU
		{3B44730A-5F3E-4F89-B13F-466DAFB35EB5}.Debug|Any CPU.Build.0 = Debug|Any CPU
		{3B44730A-5F3E-4F89-B13F-466DAFB35EB5}.Release|Any CPU.ActiveCfg = Release|Any CPU
		{3B44730A-5F3E-4F89-B13F-466DAFB35EB5}.Release|Any CPU.Build.0 = Release|Any CPU
	EndGlobalSection
	GlobalSection(SolutionProperties) = preSolution
		HideSolutionNode = FALSE
	EndGlobalSection
	GlobalSection(ExtensibilityGlobals) = postSolution
		SolutionGuid = {4B6E0AA5-1E88-4415-938D-8CF43E05F6B1}
	EndGlobalSection
EndGlobal
